
Microsoft Visual Studio Solution File, Format Version 12.00
# Visual Studio Version 17
VisualStudioVersion = 17.14.36301.6 d17.14
MinimumVisualStudioVersion = 10.0.40219.1
Project("{FAE04EC0-301F-11D3-BF4B-00C04F79EFBC}") = "EntityFramework", "EntityFramework.csproj", "{42B97C59-0A4E-4225-9629-C1E6923D3B1D}"
EndProject
Project("{FAE04EC0-301F-11D3-BF4B-00C04F79EFBC}") = "EntityFramework.Data", "..\EntityFramework.Data\EntityFramework.Data.csproj", "{F8522FF1-8A4C-42DA-B1E7-534C9E33B8D6}"
EndProject
Project("{FAE04EC0-301F-11D3-BF4B-00C04F79EFBC}") = "EntityFramework.Domain", "..\ENtityFramework.Domain\EntityFramework.Domain.csproj", "{5AEC426A-2A9A-4984-A4E7-FDE7493C31B7}"
EndProject
Global
	GlobalSection(SolutionConfigurationPlatforms) = preSolution
		Debug|Any CPU = Debug|Any CPU
		Release|Any CPU = Release|Any CPU
	EndGlobalSection
	GlobalSection(ProjectConfigurationPlatforms) = postSolution
		{42B97C59-0A4E-4225-9629-C1E6923D3B1D}.Debug|Any CPU.ActiveCfg = Debug|Any CPU
		{42B97C59-0A4E-4225-9629-C1E6923D3B1D}.Debug|Any CPU.Build.0 = Debug|Any CPU
		{42B97C59-0A4E-4225-9629-C1E6923D3B1D}.Release|Any CPU.ActiveCfg = Release|Any CPU
		{42B97C59-0A4E-4225-9629-C1E6923D3B1D}.Release|Any CPU.Build.0 = Release|Any CPU
		{F8522FF1-8A4C-42DA-B1E7-534C9E33B8D6}.Debug|Any CPU.ActiveCfg = Debug|Any CPU
		{F8522FF1-8A4C-42DA-B1E7-534C9E33B8D6}.Debug|Any CPU.Build.0 = Debug|Any CPU
		{F8522FF1-8A4C-42DA-B1E7-534C9E33B8D6}.Release|Any CPU.ActiveCfg = Release|Any CPU
		{F8522FF1-8A4C-42DA-B1E7-534C9E33B8D6}.Release|Any CPU.Build.0 = Release|Any CPU
		{5AEC426A-2A9A-4984-A4E7-FDE7493C31B7}.Debug|Any CPU.ActiveCfg = Debug|Any CPU
		{5AEC426A-2A9A-4984-A4E7-FDE7493C31B7}.Debug|Any CPU.Build.0 = Debug|Any CPU
		{5AEC426A-2A9A-4984-A4E7-FDE7493C31B7}.Release|Any CPU.ActiveCfg = Release|Any CPU
		{5AEC426A-2A9A-4984-A4E7-FDE7493C31B7}.Release|Any CPU.Build.0 = Release|Any CPU
	EndGlobalSection
	GlobalSection(SolutionProperties) = preSolution
		HideSolutionNode = FALSE
	EndGlobalSection
	GlobalSection(ExtensibilityGlobals) = postSolution
		SolutionGuid = {1C582E30-CE43-4D7D-BAF6-67798DAB1DE7}
	EndGlobalSection
EndGlobal
